
Microsoft Visual Studio Solution File, Format Version 12.00
# Visual Studio 15
VisualStudioVersion = 15.0.27130.2036
MinimumVisualStudioVersion = 10.0.40219.1
Project("{FAE04EC0-301F-11D3-BF4B-00C04F79EFBC}") = "RunningStat", "RunningStat\RunningStat.csproj", "{04307C02-AC6F-41EB-8EB9-3A63B04CD904}"
EndProject
Project("{FAE04EC0-301F-11D3-BF4B-00C04F79EFBC}") = "RunningStatTests", "RunningStatTests\RunningStatTests.csproj", "{DA7961AC-EEEB-44AC-AB09-F6789DBC1069}"
EndProject
Global
	GlobalSection(SolutionConfigurationPlatforms) = preSolution
		Debug|Any CPU = Debug|Any CPU
		Release|Any CPU = Release|Any CPU
	EndGlobalSection
	GlobalSection(ProjectConfigurationPlatforms) = postSolution
		{04307C02-AC6F-41EB-8EB9-3A63B04CD904}.Debug|Any CPU.ActiveCfg = Debug|Any CPU
		{04307C02-AC6F-41EB-8EB9-3A63B04CD904}.Debug|Any CPU.Build.0 = Debug|Any CPU
		{04307C02-AC6F-41EB-8EB9-3A63B04CD904}.Release|Any CPU.ActiveCfg = Release|Any CPU
		{04307C02-AC6F-41EB-8EB9-3A63B04CD904}.Release|Any CPU.Build.0 = Release|Any CPU
		{DA7961AC-EEEB-44AC-AB09-F6789DBC1069}.Debug|Any CPU.ActiveCfg = Debug|Any CPU
		{DA7961AC-EEEB-44AC-AB09-F6789DBC1069}.Debug|Any CPU.Build.0 = Debug|Any CPU
		{DA7961AC-EEEB-44AC-AB09-F6789DBC1069}.Release|Any CPU.ActiveCfg = Release|Any CPU
		{DA7961AC-EEEB-44AC-AB09-F6789DBC1069}.Release|Any CPU.Build.0 = Release|Any CPU
	EndGlobalSection
	GlobalSection(SolutionProperties) = preSolution
		HideSolutionNode = FALSE
	EndGlobalSection
	GlobalSection(ExtensibilityGlobals) = postSolution
		SolutionGuid = {EDC9B85F-CE89-494B-8FEF-E883349DFB7B}
	EndGlobalSection
EndGlobal
